
Microsoft Visual Studio Solution File, Format Version 12.00
# Visual Studio 15
VisualStudioVersion = 15.0.28307.1231
MinimumVisualStudioVersion = 10.0.40219.1
Project("{FAE04EC0-301F-11D3-BF4B-00C04F79EFBC}") = "WindowsFormsApp2", "WindowsFormsApp2\WindowsFormsApp2.csproj", "{09DC382D-94EF-47CF-A1A7-16BE460224EA}"
EndProject
Project("{FAE04EC0-301F-11D3-BF4B-00C04F79EFBC}") = "WindowsFormsApp2Tests", "WindowsFormsApp2Tests\WindowsFormsApp2Tests.csproj", "{2E216853-4B42-4620-904F-BC3970E3FEBE}"
EndProject
Global
	GlobalSection(SolutionConfigurationPlatforms) = preSolution
		Debug|Any CPU = Debug|Any CPU
		Release|Any CPU = Release|Any CPU
	EndGlobalSection
	GlobalSection(ProjectConfigurationPlatforms) = postSolution
		{09DC382D-94EF-47CF-A1A7-16BE460224EA}.Debug|Any CPU.ActiveCfg = Debug|Any CPU
		{09DC382D-94EF-47CF-A1A7-16BE460224EA}.Debug|Any CPU.Build.0 = Debug|Any CPU
		{09DC382D-94EF-47CF-A1A7-16BE460224EA}.Release|Any CPU.ActiveCfg = Release|Any CPU
		{09DC382D-94EF-47CF-A1A7-16BE460224EA}.Release|Any CPU.Build.0 = Release|Any CPU
		{2E216853-4B42-4620-904F-BC3970E3FEBE}.Debug|Any CPU.ActiveCfg = Debug|Any CPU
		{2E216853-4B42-4620-904F-BC3970E3FEBE}.Debug|Any CPU.Build.0 = Debug|Any CPU
		{2E216853-4B42-4620-904F-BC3970E3FEBE}.Release|Any CPU.ActiveCfg = Release|Any CPU
		{2E216853-4B42-4620-904F-BC3970E3FEBE}.Release|Any CPU.Build.0 = Release|Any CPU
	EndGlobalSection
	GlobalSection(SolutionProperties) = preSolution
		HideSolutionNode = FALSE
	EndGlobalSection
	GlobalSection(ExtensibilityGlobals) = postSolution
		SolutionGuid = {4D692C2F-BC53-402F-9C7E-905E332C440B}
	EndGlobalSection
EndGlobal
